# THIS IS AN AUTOGENERATED FILE. DO NOT EDIT THIS FILE DIRECTLY.
# yarn lockfile v1


file-icon-vectors@dev-master:
  version "1.0.0"
  resolved "https://registry.yarnpkg.com/file-icon-vectors/-/file-icon-vectors-1.0.0.tgz#eccdc849d8d3a815dd8b653b2e68eacc6f4b07c3"
  integrity sha512-me+C0t1IU+ggE31CpZNImXID8HV8/eD4eO8go4RwLLZdMaIFr25x23m1xmzYBZH3r/FxyMbbQkD0SNGnRC4meg==
